
Microsoft Visual Studio Solution File, Format Version 12.00
# Visual Studio 15
VisualStudioVersion = 15.0.28307.1022
MinimumVisualStudioVersion = 10.0.40219.1
Project("{FAE04EC0-301F-11D3-BF4B-00C04F79EFBC}") = "DemoStore", "DemoStore\DemoStore.csproj", "{87F661DF-4962-43CC-8885-0816C57F633F}"
EndProject
Global
	GlobalSection(SolutionConfigurationPlatforms) = preSolution
		Debug|Any CPU = Debug|Any CPU
		Release|Any CPU = Release|Any CPU
	EndGlobalSection
	GlobalSection(ProjectConfigurationPlatforms) = postSolution
		{87F661DF-4962-43CC-8885-0816C57F633F}.Debug|Any CPU.ActiveCfg = Debug|Any CPU
		{87F661DF-4962-43CC-8885-0816C57F633F}.Debug|Any CPU.Build.0 = Debug|Any CPU
		{87F661DF-4962-43CC-8885-0816C57F633F}.Release|Any CPU.ActiveCfg = Release|Any CPU
		{87F661DF-4962-43CC-8885-0816C57F633F}.Release|Any CPU.Build.0 = Release|Any CPU
	EndGlobalSection
	GlobalSection(SolutionProperties) = preSolution
		HideSolutionNode = FALSE
	EndGlobalSection
	GlobalSection(ExtensibilityGlobals) = postSolution
		SolutionGuid = {F62F2C0C-82AD-4EE7-8DE7-6FA949894CEE}
	EndGlobalSection
EndGlobal
